
Microsoft Visual Studio Solution File, Format Version 12.00
# Visual Studio 15
VisualStudioVersion = 15.0.27703.1
MinimumVisualStudioVersion = 10.0.40219.1
Project("{FAE04EC0-301F-11D3-BF4B-00C04F79EFBC}") = "ArraysExample2", "ArraysExample2\ArraysExample2.csproj", "{22FE0FE0-839E-4B34-B63B-ABA06E02199C}"
EndProject
Global
	GlobalSection(SolutionConfigurationPlatforms) = preSolution
		Debug|Any CPU = Debug|Any CPU
		Release|Any CPU = Release|Any CPU
	EndGlobalSection
	GlobalSection(ProjectConfigurationPlatforms) = postSolution
		{22FE0FE0-839E-4B34-B63B-ABA06E02199C}.Debug|Any CPU.ActiveCfg = Debug|Any CPU
		{22FE0FE0-839E-4B34-B63B-ABA06E02199C}.Debug|Any CPU.Build.0 = Debug|Any CPU
		{22FE0FE0-839E-4B34-B63B-ABA06E02199C}.Release|Any CPU.ActiveCfg = Release|Any CPU
		{22FE0FE0-839E-4B34-B63B-ABA06E02199C}.Release|Any CPU.Build.0 = Release|Any CPU
	EndGlobalSection
	GlobalSection(SolutionProperties) = preSolution
		HideSolutionNode = FALSE
	EndGlobalSection
	GlobalSection(ExtensibilityGlobals) = postSolution
		SolutionGuid = {665BD775-46C5-4180-94C0-54F333EB2776}
	EndGlobalSection
EndGlobal
