
Microsoft Visual Studio Solution File, Format Version 12.00
# Visual Studio 15
VisualStudioVersion = 15.0.27703.1
MinimumVisualStudioVersion = 10.0.40219.1
Project("{FAE04EC0-301F-11D3-BF4B-00C04F79EFBC}") = "UdemyCSharpFundamentals", "UdemyCSharpFundamentals\UdemyCSharpFundamentals.csproj", "{6164ED87-ECBC-4BE9-8394-585406E6D2B9}"
EndProject
Project("{FAE04EC0-301F-11D3-BF4B-00C04F79EFBC}") = "DataTypes", "DataTypes\DataTypes.csproj", "{AA950639-B2A6-42DE-AAB7-ECB7C8689091}"
EndProject
Project("{FAE04EC0-301F-11D3-BF4B-00C04F79EFBC}") = "Integers", "Integers\Integers.csproj", "{1FAC2423-1321-47A6-B9E4-3D367D057CE4}"
EndProject
Global
	GlobalSection(SolutionConfigurationPlatforms) = preSolution
		Debug|Any CPU = Debug|Any CPU
		Release|Any CPU = Release|Any CPU
	EndGlobalSection
	GlobalSection(ProjectConfigurationPlatforms) = postSolution
		{6164ED87-ECBC-4BE9-8394-585406E6D2B9}.Debug|Any CPU.ActiveCfg = Debug|Any CPU
		{6164ED87-ECBC-4BE9-8394-585406E6D2B9}.Debug|Any CPU.Build.0 = Debug|Any CPU
		{6164ED87-ECBC-4BE9-8394-585406E6D2B9}.Release|Any CPU.ActiveCfg = Release|Any CPU
		{6164ED87-ECBC-4BE9-8394-585406E6D2B9}.Release|Any CPU.Build.0 = Release|Any CPU
		{AA950639-B2A6-42DE-AAB7-ECB7C8689091}.Debug|Any CPU.ActiveCfg = Debug|Any CPU
		{AA950639-B2A6-42DE-AAB7-ECB7C8689091}.Debug|Any CPU.Build.0 = Debug|Any CPU
		{AA950639-B2A6-42DE-AAB7-ECB7C8689091}.Release|Any CPU.ActiveCfg = Release|Any CPU
		{AA950639-B2A6-42DE-AAB7-ECB7C8689091}.Release|Any CPU.Build.0 = Release|Any CPU
		{1FAC2423-1321-47A6-B9E4-3D367D057CE4}.Debug|Any CPU.ActiveCfg = Debug|Any CPU
		{1FAC2423-1321-47A6-B9E4-3D367D057CE4}.Debug|Any CPU.Build.0 = Debug|Any CPU
		{1FAC2423-1321-47A6-B9E4-3D367D057CE4}.Release|Any CPU.ActiveCfg = Release|Any CPU
		{1FAC2423-1321-47A6-B9E4-3D367D057CE4}.Release|Any CPU.Build.0 = Release|Any CPU
	EndGlobalSection
	GlobalSection(SolutionProperties) = preSolution
		HideSolutionNode = FALSE
	EndGlobalSection
	GlobalSection(ExtensibilityGlobals) = postSolution
		SolutionGuid = {82F8D261-23AA-48DB-ACF5-372CDA42A1D9}
	EndGlobalSection
EndGlobal
