
Microsoft Visual Studio Solution File, Format Version 12.00
# Visual Studio 15
VisualStudioVersion = 15.0.27703.1
MinimumVisualStudioVersion = 10.0.40219.1
Project("{FAE04EC0-301F-11D3-BF4B-00C04F79EFBC}") = "ArraysExample3", "ArraysExample3\ArraysExample3.csproj", "{C6820571-3EA7-4238-B201-42AFBBB59AEC}"
EndProject
Global
	GlobalSection(SolutionConfigurationPlatforms) = preSolution
		Debug|Any CPU = Debug|Any CPU
		Release|Any CPU = Release|Any CPU
	EndGlobalSection
	GlobalSection(ProjectConfigurationPlatforms) = postSolution
		{C6820571-3EA7-4238-B201-42AFBBB59AEC}.Debug|Any CPU.ActiveCfg = Debug|Any CPU
		{C6820571-3EA7-4238-B201-42AFBBB59AEC}.Debug|Any CPU.Build.0 = Debug|Any CPU
		{C6820571-3EA7-4238-B201-42AFBBB59AEC}.Release|Any CPU.ActiveCfg = Release|Any CPU
		{C6820571-3EA7-4238-B201-42AFBBB59AEC}.Release|Any CPU.Build.0 = Release|Any CPU
	EndGlobalSection
	GlobalSection(SolutionProperties) = preSolution
		HideSolutionNode = FALSE
	EndGlobalSection
	GlobalSection(ExtensibilityGlobals) = postSolution
		SolutionGuid = {C2B161CA-6065-4B08-A0C7-5E40E1C83298}
	EndGlobalSection
EndGlobal
