
Microsoft Visual Studio Solution File, Format Version 12.00
# Visual Studio 15
VisualStudioVersion = 15.0.27703.1
MinimumVisualStudioVersion = 10.0.40219.1
Project("{FAE04EC0-301F-11D3-BF4B-00C04F79EFBC}") = "IfElse", "IfElse\IfElse.csproj", "{40B3EB4A-E1EC-4D68-95D9-D82A3F381405}"
EndProject
Project("{FAE04EC0-301F-11D3-BF4B-00C04F79EFBC}") = "IfElseIf", "IfElseIf\IfElseIf.csproj", "{6FB484D6-44DA-4805-9E39-7FEBC4D05A24}"
EndProject
Global
	GlobalSection(SolutionConfigurationPlatforms) = preSolution
		Debug|Any CPU = Debug|Any CPU
		Release|Any CPU = Release|Any CPU
	EndGlobalSection
	GlobalSection(ProjectConfigurationPlatforms) = postSolution
		{40B3EB4A-E1EC-4D68-95D9-D82A3F381405}.Debug|Any CPU.ActiveCfg = Debug|Any CPU
		{40B3EB4A-E1EC-4D68-95D9-D82A3F381405}.Debug|Any CPU.Build.0 = Debug|Any CPU
		{40B3EB4A-E1EC-4D68-95D9-D82A3F381405}.Release|Any CPU.ActiveCfg = Release|Any CPU
		{40B3EB4A-E1EC-4D68-95D9-D82A3F381405}.Release|Any CPU.Build.0 = Release|Any CPU
		{6FB484D6-44DA-4805-9E39-7FEBC4D05A24}.Debug|Any CPU.ActiveCfg = Debug|Any CPU
		{6FB484D6-44DA-4805-9E39-7FEBC4D05A24}.Debug|Any CPU.Build.0 = Debug|Any CPU
		{6FB484D6-44DA-4805-9E39-7FEBC4D05A24}.Release|Any CPU.ActiveCfg = Release|Any CPU
		{6FB484D6-44DA-4805-9E39-7FEBC4D05A24}.Release|Any CPU.Build.0 = Release|Any CPU
	EndGlobalSection
	GlobalSection(SolutionProperties) = preSolution
		HideSolutionNode = FALSE
	EndGlobalSection
	GlobalSection(ExtensibilityGlobals) = postSolution
		SolutionGuid = {2E6CC258-A691-4B3F-8C82-9DC36077E034}
	EndGlobalSection
EndGlobal
