
Microsoft Visual Studio Solution File, Format Version 12.00
# Visual Studio 15
VisualStudioVersion = 15.0.27703.1
MinimumVisualStudioVersion = 10.0.40219.1
Project("{FAE04EC0-301F-11D3-BF4B-00C04F79EFBC}") = "IfElseExampleMowingFeeCalc", "IfElseExampleMowingFeeCalc\IfElseExampleMowingFeeCalc.csproj", "{1EB43280-E7C4-4B2C-BDCE-3559794A8803}"
EndProject
Global
	GlobalSection(SolutionConfigurationPlatforms) = preSolution
		Debug|Any CPU = Debug|Any CPU
		Release|Any CPU = Release|Any CPU
	EndGlobalSection
	GlobalSection(ProjectConfigurationPlatforms) = postSolution
		{1EB43280-E7C4-4B2C-BDCE-3559794A8803}.Debug|Any CPU.ActiveCfg = Debug|Any CPU
		{1EB43280-E7C4-4B2C-BDCE-3559794A8803}.Debug|Any CPU.Build.0 = Debug|Any CPU
		{1EB43280-E7C4-4B2C-BDCE-3559794A8803}.Release|Any CPU.ActiveCfg = Release|Any CPU
		{1EB43280-E7C4-4B2C-BDCE-3559794A8803}.Release|Any CPU.Build.0 = Release|Any CPU
	EndGlobalSection
	GlobalSection(SolutionProperties) = preSolution
		HideSolutionNode = FALSE
	EndGlobalSection
	GlobalSection(ExtensibilityGlobals) = postSolution
		SolutionGuid = {8EB68A2B-C9CC-4844-8AAC-7B67BC934DF4}
	EndGlobalSection
EndGlobal
