
Microsoft Visual Studio Solution File, Format Version 12.00
# Visual Studio 15
VisualStudioVersion = 15.0.27703.1
MinimumVisualStudioVersion = 10.0.40219.1
Project("{FAE04EC0-301F-11D3-BF4B-00C04F79EFBC}") = "IfElseExampleRandomNum", "IfElseExampleRandomNum\IfElseExampleRandomNum.csproj", "{C5C4683D-7586-477F-8DA2-019202CD5697}"
EndProject
Global
	GlobalSection(SolutionConfigurationPlatforms) = preSolution
		Debug|Any CPU = Debug|Any CPU
		Release|Any CPU = Release|Any CPU
	EndGlobalSection
	GlobalSection(ProjectConfigurationPlatforms) = postSolution
		{C5C4683D-7586-477F-8DA2-019202CD5697}.Debug|Any CPU.ActiveCfg = Debug|Any CPU
		{C5C4683D-7586-477F-8DA2-019202CD5697}.Debug|Any CPU.Build.0 = Debug|Any CPU
		{C5C4683D-7586-477F-8DA2-019202CD5697}.Release|Any CPU.ActiveCfg = Release|Any CPU
		{C5C4683D-7586-477F-8DA2-019202CD5697}.Release|Any CPU.Build.0 = Release|Any CPU
	EndGlobalSection
	GlobalSection(SolutionProperties) = preSolution
		HideSolutionNode = FALSE
	EndGlobalSection
	GlobalSection(ExtensibilityGlobals) = postSolution
		SolutionGuid = {5423A2B2-372A-4951-8F1C-7BF8F56435F9}
	EndGlobalSection
EndGlobal
