
Microsoft Visual Studio Solution File, Format Version 12.00
# Visual Studio 15
VisualStudioVersion = 15.0.27703.1
MinimumVisualStudioVersion = 10.0.40219.1
Project("{FAE04EC0-301F-11D3-BF4B-00C04F79EFBC}") = "ParamsKeyword", "ParamsKeyword\ParamsKeyword.csproj", "{FF59E932-781F-4086-B0BA-0D3D744EE931}"
EndProject
Global
	GlobalSection(SolutionConfigurationPlatforms) = preSolution
		Debug|Any CPU = Debug|Any CPU
		Release|Any CPU = Release|Any CPU
	EndGlobalSection
	GlobalSection(ProjectConfigurationPlatforms) = postSolution
		{FF59E932-781F-4086-B0BA-0D3D744EE931}.Debug|Any CPU.ActiveCfg = Debug|Any CPU
		{FF59E932-781F-4086-B0BA-0D3D744EE931}.Debug|Any CPU.Build.0 = Debug|Any CPU
		{FF59E932-781F-4086-B0BA-0D3D744EE931}.Release|Any CPU.ActiveCfg = Release|Any CPU
		{FF59E932-781F-4086-B0BA-0D3D744EE931}.Release|Any CPU.Build.0 = Release|Any CPU
	EndGlobalSection
	GlobalSection(SolutionProperties) = preSolution
		HideSolutionNode = FALSE
	EndGlobalSection
	GlobalSection(ExtensibilityGlobals) = postSolution
		SolutionGuid = {BAE615FA-AB92-4926-B65C-86607EA0A7F3}
	EndGlobalSection
EndGlobal
