
Microsoft Visual Studio Solution File, Format Version 12.00
# Visual Studio 15
VisualStudioVersion = 15.0.27703.1
MinimumVisualStudioVersion = 10.0.40219.1
Project("{FAE04EC0-301F-11D3-BF4B-00C04F79EFBC}") = "WhileDoWhile", "WhileDoWhile\WhileDoWhile.csproj", "{76503411-5E56-4834-8736-1ABD2C583549}"
EndProject
Global
	GlobalSection(SolutionConfigurationPlatforms) = preSolution
		Debug|Any CPU = Debug|Any CPU
		Release|Any CPU = Release|Any CPU
	EndGlobalSection
	GlobalSection(ProjectConfigurationPlatforms) = postSolution
		{76503411-5E56-4834-8736-1ABD2C583549}.Debug|Any CPU.ActiveCfg = Debug|Any CPU
		{76503411-5E56-4834-8736-1ABD2C583549}.Debug|Any CPU.Build.0 = Debug|Any CPU
		{76503411-5E56-4834-8736-1ABD2C583549}.Release|Any CPU.ActiveCfg = Release|Any CPU
		{76503411-5E56-4834-8736-1ABD2C583549}.Release|Any CPU.Build.0 = Release|Any CPU
	EndGlobalSection
	GlobalSection(SolutionProperties) = preSolution
		HideSolutionNode = FALSE
	EndGlobalSection
	GlobalSection(ExtensibilityGlobals) = postSolution
		SolutionGuid = {3A9EE07C-5C3A-4934-B8BD-EDF2D21E1EB1}
	EndGlobalSection
EndGlobal
