
Microsoft Visual Studio Solution File, Format Version 12.00
# Visual Studio 15
VisualStudioVersion = 15.0.27703.1
MinimumVisualStudioVersion = 10.0.40219.1
Project("{FAE04EC0-301F-11D3-BF4B-00C04F79EFBC}") = "LoopsProgram1", "LoopsProgram1\LoopsProgram1.csproj", "{D93A3D91-5323-405B-BDC7-C2961CDE0A5C}"
EndProject
Global
	GlobalSection(SolutionConfigurationPlatforms) = preSolution
		Debug|Any CPU = Debug|Any CPU
		Release|Any CPU = Release|Any CPU
	EndGlobalSection
	GlobalSection(ProjectConfigurationPlatforms) = postSolution
		{D93A3D91-5323-405B-BDC7-C2961CDE0A5C}.Debug|Any CPU.ActiveCfg = Debug|Any CPU
		{D93A3D91-5323-405B-BDC7-C2961CDE0A5C}.Debug|Any CPU.Build.0 = Debug|Any CPU
		{D93A3D91-5323-405B-BDC7-C2961CDE0A5C}.Release|Any CPU.ActiveCfg = Release|Any CPU
		{D93A3D91-5323-405B-BDC7-C2961CDE0A5C}.Release|Any CPU.Build.0 = Release|Any CPU
	EndGlobalSection
	GlobalSection(SolutionProperties) = preSolution
		HideSolutionNode = FALSE
	EndGlobalSection
	GlobalSection(ExtensibilityGlobals) = postSolution
		SolutionGuid = {8B708226-2290-4058-8456-2BBE3D345F5D}
	EndGlobalSection
EndGlobal
